
Microsoft Visual Studio Solution File, Format Version 12.00
# Visual Studio 2012
Project("{FAE04EC0-301F-11D3-BF4B-00C04F79EFBC}") = "Undefault", "Undefault\Undefault.csproj", "{A835A96F-2FAE-48FF-9CDF-1B73E3816BA7}"
EndProject
Global
	GlobalSection(SolutionConfigurationPlatforms) = preSolution
		Debug|Any CPU = Debug|Any CPU
		Release|Any CPU = Release|Any CPU
	EndGlobalSection
	GlobalSection(ProjectConfigurationPlatforms) = postSolution
		{A835A96F-2FAE-48FF-9CDF-1B73E3816BA7}.Debug|Any CPU.ActiveCfg = Debug|Any CPU
		{A835A96F-2FAE-48FF-9CDF-1B73E3816BA7}.Debug|Any CPU.Build.0 = Debug|Any CPU
		{A835A96F-2FAE-48FF-9CDF-1B73E3816BA7}.Release|Any CPU.ActiveCfg = Release|Any CPU
		{A835A96F-2FAE-48FF-9CDF-1B73E3816BA7}.Release|Any CPU.Build.0 = Release|Any CPU
	EndGlobalSection
	GlobalSection(SolutionProperties) = preSolution
		HideSolutionNode = FALSE
	EndGlobalSection
EndGlobal
